// !$*UTF8*$!
{
	archiveVersion = 1;
	classes = {
	};
	objectVersion = 50;
	objects = {

/* Begin PBXBuildFile section */
		624846EE268BACCB009A64C3 /* AppDelegate.swift in Sources */ = {isa = PBXBuildFile; fileRef = 624846ED268BACCB009A64C3 /* AppDelegate.swift */; };
		624846F0268BACCB009A64C3 /* SceneDelegate.swift in Sources */ = {isa = PBXBuildFile; fileRef = 624846EF268BACCB009A64C3 /* SceneDelegate.swift */; };
		624846F2268BACCB009A64C3 /* ViewController.swift in Sources */ = {isa = PBXBuildFile; fileRef = 624846F1268BACCB009A64C3 /* ViewController.swift */; };
		624846F5268BACCB009A64C3 /* Main.storyboard in Resources */ = {isa = PBXBuildFile; fileRef = 624846F3268BACCB009A64C3 /* Main.storyboard */; };
		624846F8268BACCB009A64C3 /* refugeo.xcdatamodeld in Sources */ = {isa = PBXBuildFile; fileRef = 624846F6268BACCB009A64C3 /* refugeo.xcdatamodeld */; };
		624846FA268BACCC009A64C3 /* Assets.xcassets in Resources */ = {isa = PBXBuildFile; fileRef = 624846F9268BACCC009A64C3 /* Assets.xcassets */; };
		624846FD268BACCC009A64C3 /* LaunchScreen.storyboard in Resources */ = {isa = PBXBuildFile; fileRef = 624846FB268BACCC009A64C3 /* LaunchScreen.storyboard */; };
/* End PBXBuildFile section */

/* Begin PBXFileReference section */
		624846EA268BACCB009A64C3 /* refugeo.app */ = {isa = PBXFileReference; explicitFileType = wrapper.application; includeInIndex = 0; path = refugeo.app; sourceTree = BUILT_PRODUCTS_DIR; };
		624846ED268BACCB009A64C3 /* AppDelegate.swift */ = {isa = PBXFileReference; lastKnownFileType = sourcecode.swift; path = AppDelegate.swift; sourceTree = "<group>"; };
		624846EF268BACCB009A64C3 /* SceneDelegate.swift */ = {isa = PBXFileReference; lastKnownFileType = sourcecode.swift; path = SceneDelegate.swift; sourceTree = "<group>"; };
		624846F1268BACCB009A64C3 /* ViewController.swift */ = {isa = PBXFileReference; lastKnownFileType = sourcecode.swift; path = ViewController.swift; sourceTree = "<group>"; };
		624846F4268BACCB009A64C3 /* Base */ = {isa = PBXFileReference; lastKnownFileType = file.storyboard; name = Base; path = Base.lproj/Main.storyboard; sourceTree = "<group>"; };
		624846F7268BACCB009A64C3 /* refugeo.xcdatamodel */ = {isa = PBXFileReference; lastKnownFileType = wrapper.xcdatamodel; path = refugeo.xcdatamodel; sourceTree = "<group>"; };
		624846F9268BACCC009A64C3 /* Assets.xcassets */ = {isa = PBXFileReference; lastKnownFileType = folder.assetcatalog; path = Assets.xcassets; sourceTree = "<group>"; };
		624846FC268BACCC009A64C3 /* Base */ = {isa = PBXFileReference; lastKnownFileType = file.storyboard; name = Base; path = Base.lproj/LaunchScreen.storyboard; sourceTree = "<group>"; };
		624846FE268BACCC009A64C3 /* Info.plist */ = {isa = PBXFileReference; lastKnownFileType = text.plist.xml; path = Info.plist; sourceTree = "<group>"; };
/* End PBXFileReference section */

/* Begin PBXFrameworksBuildPhase section */
		624846E7268BACCB009A64C3 /* Frameworks */ = {
			isa = PBXFrameworksBuildPhase;
			buildActionMask = 2147483647;
			files = (
			);
			runOnlyForDeploymentPostprocessing = 0;
		};
/* End PBXFrameworksBuildPhase section */

/* Begin PBXGroup section */
		624846E1268BACCB009A64C3 = {
			isa = PBXGroup;
			children = (
				624846EC268BACCB009A64C3 /* refugeo */,
				624846EB268BACCB009A64C3 /* Products */,
			);
			sourceTree = "<group>";
		};
		624846EB268BACCB009A64C3 /* Products */ = {
			isa = PBXGroup;
			children = (
				624846EA268BACCB009A64C3 /* refugeo.app */,
			);
			name = Products;
			sourceTree = "<group>";
		};
		624846EC268BACCB009A64C3 /* refugeo */ = {
			isa = PBXGroup;
			children = (
				624846ED268BACCB009A64C3 /* AppDelegate.swift */,
				624846EF268BACCB009A64C3 /* SceneDelegate.swift */,
				624846F1268BACCB009A64C3 /* ViewController.swift */,
				624846F3268BACCB009A64C3 /* Main.storyboard */,
				624846F9268BACCC009A64C3 /* Assets.xcassets */,
				624846FB268BACCC009A64C3 /* LaunchScreen.storyboard */,
				624846FE268BACCC009A64C3 /* Info.plist */,
				624846F6268BACCB009A64C3 /* refugeo.xcdatamodeld */,
			);
			path = refugeo;
			sourceTree = "<group>";
		};
/* End PBXGroup section */

/* Begin PBXNativeTarget section */
		624846E9268BACCB009A64C3 /* refugeo */ = {
			isa = PBXNativeTarget;
			buildConfigurationList = 62484701268BACCC009A64C3 /* Build configuration list for PBXNativeTarget "refugeo" */;
			buildPhases = (
				624846E6268BACCB009A64C3 /* Sources */,
				624846E7268BACCB009A64C3 /* Frameworks */,
				624846E8268BACCB009A64C3 /* Resources */,
			);
			buildRules = (
			);
			dependencies = (
			);
			name = refugeo;
			productName = refugeo;
			productReference = 624846EA268BACCB009A64C3 /* refugeo.app */;
			productType = "com.apple.product-type.application";
		};
/* End PBXNativeTarget section */

/* Begin PBXProject section */
		624846E2268BACCB009A64C3 /* Project object */ = {
			isa = PBXProject;
			attributes = {
				LastSwiftUpdateCheck = 1250;
				LastUpgradeCheck = 1250;
				TargetAttributes = {
					624846E9268BACCB009A64C3 = {
						CreatedOnToolsVersion = 12.5.1;
					};
				};
			};
			buildConfigurationList = 624846E5268BACCB009A64C3 /* Build configuration list for PBXProject "refugeo" */;
			compatibilityVersion = "Xcode 9.3";
			developmentRegion = en;
			hasScannedForEncodings = 0;
			knownRegions = (
				en,
				Base,
			);
			mainGroup = 624846E1268BACCB009A64C3;
			productRefGroup = 624846EB268BACCB009A64C3 /* Products */;
			projectDirPath = "";
			projectRoot = "";
			targets = (
				624846E9268BACCB009A64C3 /* refugeo */,
			);
		};
/* End PBXProject section */

/* Begin PBXResourcesBuildPhase section */
		624846E8268BACCB009A64C3 /* Resources */ = {
			isa = PBXResourcesBuildPhase;
			buildActionMask = 2147483647;
			files = (
				624846FD268BACCC009A64C3 /* LaunchScreen.storyboard in Resources */,
				624846FA268BACCC009A64C3 /* Assets.xcassets in Resources */,
				624846F5268BACCB009A64C3 /* Main.storyboard in Resources */,
			);
			runOnlyForDeploymentPostprocessing = 0;
		};
/* End PBXResourcesBuildPhase section */

/* Begin PBXSourcesBuildPhase section */
		624846E6268BACCB009A64C3 /* Sources */ = {
			isa = PBXSourcesBuildPhase;
			buildActionMask = 2147483647;
			files = (
				624846F2268BACCB009A64C3 /* ViewController.swift in Sources */,
				624846F8268BACCB009A64C3 /* refugeo.xcdatamodeld in Sources */,
				624846EE268BACCB009A64C3 /* AppDelegate.swift in Sources */,
				624846F0268BACCB009A64C3 /* SceneDelegate.swift in Sources */,
			);
			runOnlyForDeploymentPostprocessing = 0;
		};
/* End PBXSourcesBuildPhase section */

/* Begin PBXVariantGroup section */
		624846F3268BACCB009A64C3 /* Main.storyboard */ = {
			isa = PBXVariantGroup;
			children = (
				624846F4268BACCB009A64C3 /* Base */,
			);
			name = Main.storyboard;
			sourceTree = "<group>";
		};
		624846FB268BACCC009A64C3 /* LaunchScreen.storyboard */ = {
			isa = PBXVariantGroup;
			children = (
				624846FC268BACCC009A64C3 /* Base */,
			);
			name = LaunchScreen.storyboard;
			sourceTree = "<group>";
		};
/* End PBXVariantGroup section */

/* Begin XCBuildConfiguration section */
		624846FF268BACCC009A64C3 /* Debug */ = {
			isa = XCBuildConfiguration;
			buildSettings = {
				ALWAYS_SEARCH_USER_PATHS = NO;
				CLANG_ANALYZER_NONNULL = YES;
				CLANG_ANALYZER_NUMBER_OBJECT_CONVERSION = YES_AGGRESSIVE;
				CLANG_CXX_LANGUAGE_STANDARD = "gnu++14";
				CLANG_CXX_LIBRARY = "libc++";
				CLANG_ENABLE_MODULES = YES;
				CLANG_ENABLE_OBJC_ARC = YES;
				CLANG_ENABLE_OBJC_WEAK = YES;
				CLANG_WARN_BLOCK_CAPTURE_AUTORELEASING = YES;
				CLANG_WARN_BOOL_CONVERSION = YES;
				CLANG_WARN_COMMA = YES;
				CLANG_WARN_CONSTANT_CONVERSION = YES;
				CLANG_WARN_DEPRECATED_OBJC_IMPLEMENTATIONS = YES;
				CLANG_WARN_DIRECT_OBJC_ISA_USAGE = YES_ERROR;
				CLANG_WARN_DOCUMENTATION_COMMENTS = YES;
				CLANG_WARN_EMPTY_BODY = YES;
				CLANG_WARN_ENUM_CONVERSION = YES;
				CLANG_WARN_INFINITE_RECURSION = YES;
				CLANG_WARN_INT_CONVERSION = YES;
				CLANG_WARN_NON_LITERAL_NULL_CONVERSION = YES;
				CLANG_WARN_OBJC_IMPLICIT_RETAIN_SELF = YES;
				CLANG_WARN_OBJC_LITERAL_CONVERSION = YES;
				CLANG_WARN_OBJC_ROOT_CLASS = YES_ERROR;
				CLANG_WARN_QUOTED_INCLUDE_IN_FRAMEWORK_HEADER = YES;
				CLANG_WARN_RANGE_LOOP_ANALYSIS = YES;
				CLANG_WARN_STRICT_PROTOTYPES = YES;
				CLANG_WARN_SUSPICIOUS_MOVE = YES;
				CLANG_WARN_UNGUARDED_AVAILABILITY = YES_AGGRESSIVE;
				CLANG_WARN_UNREACHABLE_CODE = YES;
				CLANG_WARN__DUPLICATE_METHOD_MATCH = YES;
				COPY_PHASE_STRIP = NO;
				DEBUG_INFORMATION_FORMAT = dwarf;
				ENABLE_STRICT_OBJC_MSGSEND = YES;
				ENABLE_TESTABILITY = YES;
				GCC_C_LANGUAGE_STANDARD = gnu11;
				GCC_DYNAMIC_NO_PIC = NO;
				GCC_NO_COMMON_BLOCKS = YES;
				GCC_OPTIMIZATION_LEVEL = 0;
				GCC_PREPROCESSOR_DEFINITIONS = (
					"DEBUG=1",
					"$(inherited)",
				);
				GCC_WARN_64_TO_32_BIT_CONVERSION = YES;
				GCC_WARN_ABOUT_RETURN_TYPE = YES_ERROR;
				GCC_WARN_UNDECLARED_SELECTOR = YES;
				GCC_WARN_UNINITIALIZED_AUTOS = YES_AGGRESSIVE;
				GCC_WARN_UNUSED_FUNCTION = YES;
				GCC_WARN_UNUSED_VARIABLE = YES;
				IPHONEOS_DEPLOYMENT_TARGET = 14.5;
				MTL_ENABLE_DEBUG_INFO = INCLUDE_SOURCE;
				MTL_FAST_MATH = YES;
				ONLY_ACTIVE_ARCH = YES;
				SDKROOT = iphoneos;
				SWIFT_ACTIVE_COMPILATION_CONDITIONS = DEBUG;
				SWIFT_OPTIMIZATION_LEVEL = "-Onone";
			};
			name = Debug;
		};
		62484700268BACCC009A64C3 /* Release */ = {
			isa = XCBuildConfiguration;
			buildSettings = {
				ALWAYS_SEARCH_USER_PATHS = NO;
				CLANG_ANALYZER_NONNULL = YES;
				CLANG_ANALYZER_NUMBER_OBJECT_CONVERSION = YES_AGGRESSIVE;
				CLANG_CXX_LANGUAGE_STANDARD = "gnu++14";
				CLANG_CXX_LIBRARY = "libc++";
				CLANG_ENABLE_MODULES = YES;
				CLANG_ENABLE_OBJC_ARC = YES;
				CLANG_ENABLE_OBJC_WEAK = YES;
				CLANG_WARN_BLOCK_CAPTURE_AUTORELEASING = YES;
				CLANG_WARN_BOOL_CONVERSION = YES;
				CLANG_WARN_COMMA = YES;
				CLANG_WARN_CONSTANT_CONVERSION = YES;
				CLANG_WARN_DEPRECATED_OBJC_IMPLEMENTATIONS = YES;
				CLANG_WARN_DIRECT_OBJC_ISA_USAGE = YES_ERROR;
				CLANG_WARN_DOCUMENTATION_COMMENTS = YES;
				CLANG_WARN_EMPTY_BODY = YES;
				CLANG_WARN_ENUM_CONVERSION = YES;
				CLANG_WARN_INFINITE_RECURSION = YES;
				CLANG_WARN_INT_CONVERSION = YES;
				CLANG_WARN_NON_LITERAL_NULL_CONVERSION = YES;
				CLANG_WARN_OBJC_IMPLICIT_RETAIN_SELF = YES;
				CLANG_WARN_OBJC_LITERAL_CONVERSION = YES;
				CLANG_WARN_OBJC_ROOT_CLASS = YES_ERROR;
				CLANG_WARN_QUOTED_INCLUDE_IN_FRAMEWORK_HEADER = YES;
				CLANG_WARN_RANGE_LOOP_ANALYSIS = YES;
				CLANG_WARN_STRICT_PROTOTYPES = YES;
				CLANG_WARN_SUSPICIOUS_MOVE = YES;
				CLANG_WARN_UNGUARDED_AVAILABILITY = YES_AGGRESSIVE;
				CLANG_WARN_UNREACHABLE_CODE = YES;
				CLANG_WARN__DUPLICATE_METHOD_MATCH = YES;
				COPY_PHASE_STRIP = NO;
				DEBUG_INFORMATION_FORMAT = "dwarf-with-dsym";
				ENABLE_NS_ASSERTIONS = NO;
				ENABLE_STRICT_OBJC_MSGSEND = YES;
				GCC_C_LANGUAGE_STANDARD = gnu11;
				GCC_NO_COMMON_BLOCKS = YES;
				GCC_WARN_64_TO_32_BIT_CONVERSION = YES;
				GCC_WARN_ABOUT_RETURN_TYPE = YES_ERROR;
				GCC_WARN_UNDECLARED_SELECTOR = YES;
				GCC_WARN_UNINITIALIZED_AUTOS = YES_AGGRESSIVE;
				GCC_WARN_UNUSED_FUNCTION = YES;
				GCC_WARN_UNUSED_VARIABLE = YES;
				IPHONEOS_DEPLOYMENT_TARGET = 14.5;
				MTL_ENABLE_DEBUG_INFO = NO;
				MTL_FAST_MATH = YES;
				SDKROOT = iphoneos;
				SWIFT_COMPILATION_MODE = wholemodule;
				SWIFT_OPTIMIZATION_LEVEL = "-O";
				VALIDATE_PRODUCT = YES;
			};
			name = Release;
		};
		62484702268BACCC009A64C3 /* Debug */ = {
			isa = XCBuildConfiguration;
			buildSettings = {
				ASSETCATALOG_COMPILER_APPICON_NAME = AppIcon;
				ASSETCATALOG_COMPILER_GLOBAL_ACCENT_COLOR_NAME = AccentColor;
				CODE_SIGN_STYLE = Automatic;
				INFOPLIST_FILE = refugeo/Info.plist;
				LD_RUNPATH_SEARCH_PATHS = (
					"$(inherited)",
					"@executable_path/Frameworks",
				);
				PRODUCT_BUNDLE_IDENTIFIER = com.example.refugeo;
				PRODUCT_NAME = "$(TARGET_NAME)";
				SWIFT_VERSION = 5.0;
				TARGETED_DEVICE_FAMILY = "1,2";
			};
			name = Debug;
		};
		62484703268BACCC009A64C3 /* Release */ = {
			isa = XCBuildConfiguration;
			buildSettings = {
				ASSETCATALOG_COMPILER_APPICON_NAME = AppIcon;
				ASSETCATALOG_COMPILER_GLOBAL_ACCENT_COLOR_NAME = AccentColor;
				CODE_SIGN_STYLE = Automatic;
				INFOPLIST_FILE = refugeo/Info.plist;
				LD_RUNPATH_SEARCH_PATHS = (
					"$(inherited)",
					"@executable_path/Frameworks",
				);
				PRODUCT_BUNDLE_IDENTIFIER = com.example.refugeo;
				PRODUCT_NAME = "$(TARGET_NAME)";
				SWIFT_VERSION = 5.0;
				TARGETED_DEVICE_FAMILY = "1,2";
			};
			name = Release;
		};
/* End XCBuildConfiguration section */

/* Begin XCConfigurationList section */
		624846E5268BACCB009A64C3 /* Build configuration list for PBXProject "refugeo" */ = {
			isa = XCConfigurationList;
			buildConfigurations = (
				624846FF268BACCC009A64C3 /* Debug */,
				62484700268BACCC009A64C3 /* Release */,
			);
			defaultConfigurationIsVisible = 0;
			defaultConfigurationName = Release;
		};
		62484701268BACCC009A64C3 /* Build configuration list for PBXNativeTarget "refugeo" */ = {
			isa = XCConfigurationList;
			buildConfigurations = (
				62484702268BACCC009A64C3 /* Debug */,
				62484703268BACCC009A64C3 /* Release */,
			);
			defaultConfigurationIsVisible = 0;
			defaultConfigurationName = Release;
		};
/* End XCConfigurationList section */

/* Begin XCVersionGroup section */
		624846F6268BACCB009A64C3 /* refugeo.xcdatamodeld */ = {
			isa = XCVersionGroup;
			children = (
				624846F7268BACCB009A64C3 /* refugeo.xcdatamodel */,
			);
			currentVersion = 624846F7268BACCB009A64C3 /* refugeo.xcdatamodel */;
			path = refugeo.xcdatamodeld;
			sourceTree = "<group>";
			versionGroupType = wrapper.xcdatamodel;
		};
/* End XCVersionGroup section */
	};
	rootObject = 624846E2268BACCB009A64C3 /* Project object */;
}
